// !$*UTF8*$!
{
	archiveVersion = 1;
	classes = {
	};
	objectVersion = 77;
	objects = {

/* Begin PBXBuildFile section */
		2E3D0B6E2F02156B00496C82 /* SDL3_ttf.xcframework in Frameworks */ = {isa = PBXBuildFile; fileRef = 2E3D0B6C2F02151D00496C82 /* SDL3_ttf.xcframework */; };
		2E3D0B6F2F02156B00496C82 /* SDL3_ttf.xcframework in Embed Frameworks */ = {isa = PBXBuildFile; fileRef = 2E3D0B6C2F02151D00496C82 /* SDL3_ttf.xcframework */; settings = {ATTRIBUTES = (CodeSignOnCopy, RemoveHeadersOnCopy, ); }; };
		2E4C76DD2F0121B200945A6E /* Metal.framework in Frameworks */ = {isa = PBXBuildFile; fileRef = 2E4C765C2F011C0300945A6E /* Metal.framework */; };
		2E4C76DF2F0121B400945A6E /* GameController.framework in Frameworks */ = {isa = PBXBuildFile; fileRef = 2E4C765E2F011C0D00945A6E /* GameController.framework */; };
		2E4C76E12F0121B500945A6E /* Foundation.framework in Frameworks */ = {isa = PBXBuildFile; fileRef = 2E4C76642F011C2000945A6E /* Foundation.framework */; };
		2E4C76E32F0121B600945A6E /* AVFAudio.framework in Frameworks */ = {isa = PBXBuildFile; fileRef = 2E4C76602F011C1200945A6E /* AVFAudio.framework */; };
		2E4C76E52F0121D900945A6E /* UIKit.framework in Frameworks */ = {isa = PBXBuildFile; fileRef = 2E4C76622F011C1800945A6E /* UIKit.framework */; };
		2E4C774C2F012C1900945A6E /* ios_stubs.c in Sources */ = {isa = PBXBuildFile; fileRef = 2E4C774B2F012C1400945A6E /* ios_stubs.c */; };
/* End PBXBuildFile section */

/* Begin PBXCopyFilesBuildPhase section */
		2E4C76E82F01220700945A6E /* Embed Frameworks */ = {
			isa = PBXCopyFilesBuildPhase;
			buildActionMask = 2147483647;
			dstPath = "";
			dstSubfolderSpec = 10;
			files = (
				2E3D0B6F2F02156B00496C82 /* SDL3_ttf.xcframework in Embed Frameworks */,
			);
			name = "Embed Frameworks";
			runOnlyForDeploymentPostprocessing = 0;
		};
/* End PBXCopyFilesBuildPhase section */

/* Begin PBXFileReference section */
		2E3D0B6C2F02151D00496C82 /* SDL3_ttf.xcframework */ = {isa = PBXFileReference; lastKnownFileType = wrapper.xcframework; path = SDL3_ttf.xcframework; sourceTree = "<group>"; };
		2E4C765C2F011C0300945A6E /* Metal.framework */ = {isa = PBXFileReference; lastKnownFileType = wrapper.framework; name = Metal.framework; path = System/Library/Frameworks/Metal.framework; sourceTree = SDKROOT; };
		2E4C765E2F011C0D00945A6E /* GameController.framework */ = {isa = PBXFileReference; lastKnownFileType = wrapper.framework; name = GameController.framework; path = System/Library/Frameworks/GameController.framework; sourceTree = SDKROOT; };
		2E4C76602F011C1200945A6E /* AVFAudio.framework */ = {isa = PBXFileReference; lastKnownFileType = wrapper.framework; name = AVFAudio.framework; path = System/Library/Frameworks/AVFAudio.framework; sourceTree = SDKROOT; };
		2E4C76622F011C1800945A6E /* UIKit.framework */ = {isa = PBXFileReference; lastKnownFileType = wrapper.framework; name = UIKit.framework; path = System/Library/Frameworks/UIKit.framework; sourceTree = SDKROOT; };
		2E4C76642F011C2000945A6E /* Foundation.framework */ = {isa = PBXFileReference; lastKnownFileType = wrapper.framework; name = Foundation.framework; path = System/Library/Frameworks/Foundation.framework; sourceTree = SDKROOT; };
		2E4C774A2F012B7700945A6E /* platform.h */ = {isa = PBXFileReference; lastKnownFileType = sourcecode.c.h; path = platform.h; sourceTree = "<group>"; };
		2E4C774B2F012C1400945A6E /* ios_stubs.c */ = {isa = PBXFileReference; lastKnownFileType = sourcecode.c.c; path = ios_stubs.c; sourceTree = "<group>"; };
		2EB9DD192F00FCDF008E89B1 /* VanillaGamepad.app */ = {isa = PBXFileReference; explicitFileType = wrapper.application; includeInIndex = 0; path = VanillaGamepad.app; sourceTree = BUILT_PRODUCTS_DIR; };
/* End PBXFileReference section */

/* Begin PBXFileSystemSynchronizedBuildFileExceptionSet section */
		2E4C76D62F011C5300945A6E /* Exceptions for "Vanilla Gamepad" folder in "Vanilla Gamepad" target */ = {
			isa = PBXFileSystemSynchronizedBuildFileExceptionSet;
			membershipExceptions = (
				assets/VanillaLogo_Background.svg,
				assets/VanillaLogo_Foreground.svg,
				assets/VanillaLogo.svg,
				Info.plist,
				pipe/CMakeLists.txt,
				pipe/linux/CMakeLists.txt,
				pipe/linux/dhcp/CMakeLists.txt,
			);
			target = 2EB9DD182F00FCDF008E89B1 /* Vanilla Gamepad */;
		};
/* End PBXFileSystemSynchronizedBuildFileExceptionSet section */

/* Begin PBXFileSystemSynchronizedGroupBuildPhaseMembershipExceptionSet section */
		2E4C76E92F01220700945A6E /* Exceptions for "Vanilla Gamepad" folder in "Embed Frameworks" phase from "Vanilla Gamepad" target */ = {
			isa = PBXFileSystemSynchronizedGroupBuildPhaseMembershipExceptionSet;
			attributesByRelativePath = {
				SDL3.xcframework = (CodeSignOnCopy, RemoveHeadersOnCopy, );
			};
			buildPhase = 2E4C76E82F01220700945A6E /* Embed Frameworks */;
			membershipExceptions = (
				SDL3.xcframework,
			);
		};
		2E4C77492F012AE900945A6E /* Exceptions for "Vanilla Gamepad" folder in "Copy Bundle Resources" phase from "Vanilla Gamepad" target */ = {
			isa = PBXFileSystemSynchronizedGroupBuildPhaseMembershipExceptionSet;
			buildPhase = 2EB9DD172F00FCDF008E89B1 /* Resources */;
			membershipExceptions = (
				VideoStream.h,
			);
		};
/* End PBXFileSystemSynchronizedGroupBuildPhaseMembershipExceptionSet section */

/* Begin PBXFileSystemSynchronizedRootGroup section */
		2EB9DD1B2F00FCDF008E89B1 /* Vanilla Gamepad */ = {
			isa = PBXFileSystemSynchronizedRootGroup;
			exceptions = (
				2E4C76D62F011C5300945A6E /* Exceptions for "Vanilla Gamepad" folder in "Vanilla Gamepad" target */,
				2E4C77492F012AE900945A6E /* Exceptions for "Vanilla Gamepad" folder in "Copy Bundle Resources" phase from "Vanilla Gamepad" target */,
				2E4C76E92F01220700945A6E /* Exceptions for "Vanilla Gamepad" folder in "Embed Frameworks" phase from "Vanilla Gamepad" target */,
			);
			path = "Vanilla Gamepad";
			sourceTree = "<group>";
		};
/* End PBXFileSystemSynchronizedRootGroup section */

/* Begin PBXFrameworksBuildPhase section */
		2EB9DD162F00FCDF008E89B1 /* Frameworks */ = {
			isa = PBXFrameworksBuildPhase;
			buildActionMask = 2147483647;
			files = (
				2E4C76E12F0121B500945A6E /* Foundation.framework in Frameworks */,
				2E4C76DF2F0121B400945A6E /* GameController.framework in Frameworks */,
				2E4C76E32F0121B600945A6E /* AVFAudio.framework in Frameworks */,
				2E4C76DD2F0121B200945A6E /* Metal.framework in Frameworks */,
				2E4C76E52F0121D900945A6E /* UIKit.framework in Frameworks */,
				2E3D0B6E2F02156B00496C82 /* SDL3_ttf.xcframework in Frameworks */,
			);
			runOnlyForDeploymentPostprocessing = 0;
		};
/* End PBXFrameworksBuildPhase section */

/* Begin PBXGroup section */
		2E4C765B2F011C0200945A6E /* Frameworks */ = {
			isa = PBXGroup;
			children = (
				2E4C76642F011C2000945A6E /* Foundation.framework */,
				2E4C76622F011C1800945A6E /* UIKit.framework */,
				2E4C76602F011C1200945A6E /* AVFAudio.framework */,
				2E4C765E2F011C0D00945A6E /* GameController.framework */,
				2E4C765C2F011C0300945A6E /* Metal.framework */,
			);
			name = Frameworks;
			sourceTree = "<group>";
		};
		2EB9DD102F00FCDF008E89B1 = {
			isa = PBXGroup;
			children = (
				2EB9DD1B2F00FCDF008E89B1 /* Vanilla Gamepad */,
				2E4C765B2F011C0200945A6E /* Frameworks */,
				2EB9DD1A2F00FCDF008E89B1 /* Products */,
				2E4C774A2F012B7700945A6E /* platform.h */,
				2E4C774B2F012C1400945A6E /* ios_stubs.c */,
				2E3D0B6C2F02151D00496C82 /* SDL3_ttf.xcframework */,
			);
			sourceTree = "<group>";
		};
		2EB9DD1A2F00FCDF008E89B1 /* Products */ = {
			isa = PBXGroup;
			children = (
				2EB9DD192F00FCDF008E89B1 /* VanillaGamepad.app */,
			);
			name = Products;
			sourceTree = "<group>";
		};
/* End PBXGroup section */

/* Begin PBXNativeTarget section */
		2EB9DD182F00FCDF008E89B1 /* Vanilla Gamepad */ = {
			isa = PBXNativeTarget;
			buildConfigurationList = 2EB9DD342F00FCE0008E89B1 /* Build configuration list for PBXNativeTarget "Vanilla Gamepad" */;
			buildPhases = (
				2EB9DD152F00FCDF008E89B1 /* Sources */,
				2EB9DD162F00FCDF008E89B1 /* Frameworks */,
				2EB9DD172F00FCDF008E89B1 /* Resources */,
				2E4C76E82F01220700945A6E /* Embed Frameworks */,
			);
			buildRules = (
			);
			dependencies = (
			);
			fileSystemSynchronizedGroups = (
				2EB9DD1B2F00FCDF008E89B1 /* Vanilla Gamepad */,
			);
			name = "Vanilla Gamepad";
			packageProductDependencies = (
			);
			productName = "Vanilla Gamepad";
			productReference = 2EB9DD192F00FCDF008E89B1 /* VanillaGamepad.app */;
			productType = "com.apple.product-type.application";
		};
/* End PBXNativeTarget section */

/* Begin PBXProject section */
		2EB9DD112F00FCDF008E89B1 /* Project object */ = {
			isa = PBXProject;
			attributes = {
				BuildIndependentTargetsInParallel = 1;
				LastUpgradeCheck = 2620;
				TargetAttributes = {
					2EB9DD182F00FCDF008E89B1 = {
						CreatedOnToolsVersion = 26.2;
						LastSwiftMigration = 2620;
					};
				};
			};
			buildConfigurationList = 2EB9DD142F00FCDF008E89B1 /* Build configuration list for PBXProject "Vanilla Gamepad" */;
			developmentRegion = en;
			hasScannedForEncodings = 0;
			knownRegions = (
				en,
				Base,
			);
			mainGroup = 2EB9DD102F00FCDF008E89B1;
			minimizedProjectReferenceProxies = 1;
			preferredProjectObjectVersion = 77;
			productRefGroup = 2EB9DD1A2F00FCDF008E89B1 /* Products */;
			projectDirPath = "";
			projectRoot = "";
			targets = (
				2EB9DD182F00FCDF008E89B1 /* Vanilla Gamepad */,
			);
		};
/* End PBXProject section */

/* Begin PBXResourcesBuildPhase section */
		2EB9DD172F00FCDF008E89B1 /* Resources */ = {
			isa = PBXResourcesBuildPhase;
			buildActionMask = 2147483647;
			files = (
			);
			runOnlyForDeploymentPostprocessing = 0;
		};
/* End PBXResourcesBuildPhase section */

/* Begin PBXSourcesBuildPhase section */
		2EB9DD152F00FCDF008E89B1 /* Sources */ = {
			isa = PBXSourcesBuildPhase;
			buildActionMask = 2147483647;
			files = (
				2E4C774C2F012C1900945A6E /* ios_stubs.c in Sources */,
			);
			runOnlyForDeploymentPostprocessing = 0;
		};
/* End PBXSourcesBuildPhase section */

/* Begin XCBuildConfiguration section */
		2EB9DD322F00FCE0008E89B1 /* Debug */ = {
			isa = XCBuildConfiguration;
			buildSettings = {
				ALWAYS_SEARCH_USER_PATHS = NO;
				ASSETCATALOG_COMPILER_GENERATE_SWIFT_ASSET_SYMBOL_EXTENSIONS = YES;
				CLANG_ANALYZER_NONNULL = YES;
				CLANG_ANALYZER_NUMBER_OBJECT_CONVERSION = YES_AGGRESSIVE;
				CLANG_CXX_LANGUAGE_STANDARD = "gnu++20";
				CLANG_ENABLE_MODULES = YES;
				CLANG_ENABLE_OBJC_ARC = YES;
				CLANG_ENABLE_OBJC_WEAK = YES;
				CLANG_WARN_BLOCK_CAPTURE_AUTORELEASING = YES;
				CLANG_WARN_BOOL_CONVERSION = YES;
				CLANG_WARN_COMMA = YES;
				CLANG_WARN_CONSTANT_CONVERSION = YES;
				CLANG_WARN_DEPRECATED_OBJC_IMPLEMENTATIONS = YES;
				CLANG_WARN_DIRECT_OBJC_ISA_USAGE = YES_ERROR;
				CLANG_WARN_DOCUMENTATION_COMMENTS = YES;
				CLANG_WARN_EMPTY_BODY = YES;
				CLANG_WARN_ENUM_CONVERSION = YES;
				CLANG_WARN_INFINITE_RECURSION = YES;
				CLANG_WARN_INT_CONVERSION = YES;
				CLANG_WARN_NON_LITERAL_NULL_CONVERSION = YES;
				CLANG_WARN_OBJC_IMPLICIT_RETAIN_SELF = YES;
				CLANG_WARN_OBJC_LITERAL_CONVERSION = YES;
				CLANG_WARN_OBJC_ROOT_CLASS = YES_ERROR;
				CLANG_WARN_QUOTED_INCLUDE_IN_FRAMEWORK_HEADER = YES;
				CLANG_WARN_RANGE_LOOP_ANALYSIS = YES;
				CLANG_WARN_STRICT_PROTOTYPES = YES;
				CLANG_WARN_SUSPICIOUS_MOVE = YES;
				CLANG_WARN_UNGUARDED_AVAILABILITY = YES_AGGRESSIVE;
				CLANG_WARN_UNREACHABLE_CODE = YES;
				CLANG_WARN__DUPLICATE_METHOD_MATCH = YES;
				COPY_PHASE_STRIP = NO;
				DEBUG_INFORMATION_FORMAT = dwarf;
				ENABLE_STRICT_OBJC_MSGSEND = YES;
				ENABLE_TESTABILITY = YES;
				ENABLE_USER_SCRIPT_SANDBOXING = YES;
				GCC_C_LANGUAGE_STANDARD = gnu17;
				GCC_DYNAMIC_NO_PIC = NO;
				GCC_NO_COMMON_BLOCKS = YES;
				GCC_OPTIMIZATION_LEVEL = 0;
				GCC_PREPROCESSOR_DEFINITIONS = (
					"DEBUG=1",
					"$(inherited)",
				);
				GCC_WARN_64_TO_32_BIT_CONVERSION = YES;
				GCC_WARN_ABOUT_RETURN_TYPE = YES_ERROR;
				GCC_WARN_UNDECLARED_SELECTOR = YES;
				GCC_WARN_UNINITIALIZED_AUTOS = YES_AGGRESSIVE;
				GCC_WARN_UNUSED_FUNCTION = YES;
				GCC_WARN_UNUSED_VARIABLE = YES;
				IPHONEOS_DEPLOYMENT_TARGET = 26.2;
				LOCALIZATION_PREFERS_STRING_CATALOGS = YES;
				MTL_ENABLE_DEBUG_INFO = INCLUDE_SOURCE;
				MTL_FAST_MATH = YES;
				ONLY_ACTIVE_ARCH = YES;
				SDKROOT = iphoneos;
			};
			name = Debug;
		};
		2EB9DD332F00FCE0008E89B1 /* Release */ = {
			isa = XCBuildConfiguration;
			buildSettings = {
				ALWAYS_SEARCH_USER_PATHS = NO;
				ASSETCATALOG_COMPILER_GENERATE_SWIFT_ASSET_SYMBOL_EXTENSIONS = YES;
				CLANG_ANALYZER_NONNULL = YES;
				CLANG_ANALYZER_NUMBER_OBJECT_CONVERSION = YES_AGGRESSIVE;
				CLANG_CXX_LANGUAGE_STANDARD = "gnu++20";
				CLANG_ENABLE_MODULES = YES;
				CLANG_ENABLE_OBJC_ARC = YES;
				CLANG_ENABLE_OBJC_WEAK = YES;
				CLANG_WARN_BLOCK_CAPTURE_AUTORELEASING = YES;
				CLANG_WARN_BOOL_CONVERSION = YES;
				CLANG_WARN_COMMA = YES;
				CLANG_WARN_CONSTANT_CONVERSION = YES;
				CLANG_WARN_DEPRECATED_OBJC_IMPLEMENTATIONS = YES;
				CLANG_WARN_DIRECT_OBJC_ISA_USAGE = YES_ERROR;
				CLANG_WARN_DOCUMENTATION_COMMENTS = YES;
				CLANG_WARN_EMPTY_BODY = YES;
				CLANG_WARN_ENUM_CONVERSION = YES;
				CLANG_WARN_INFINITE_RECURSION = YES;
				CLANG_WARN_INT_CONVERSION = YES;
				CLANG_WARN_NON_LITERAL_NULL_CONVERSION = YES;
				CLANG_WARN_OBJC_IMPLICIT_RETAIN_SELF = YES;
				CLANG_WARN_OBJC_LITERAL_CONVERSION = YES;
				CLANG_WARN_OBJC_ROOT_CLASS = YES_ERROR;
				CLANG_WARN_QUOTED_INCLUDE_IN_FRAMEWORK_HEADER = YES;
				CLANG_WARN_RANGE_LOOP_ANALYSIS = YES;
				CLANG_WARN_STRICT_PROTOTYPES = YES;
				CLANG_WARN_SUSPICIOUS_MOVE = YES;
				CLANG_WARN_UNGUARDED_AVAILABILITY = YES_AGGRESSIVE;
				CLANG_WARN_UNREACHABLE_CODE = YES;
				CLANG_WARN__DUPLICATE_METHOD_MATCH = YES;
				COPY_PHASE_STRIP = NO;
				DEBUG_INFORMATION_FORMAT = "dwarf-with-dsym";
				ENABLE_NS_ASSERTIONS = NO;
				ENABLE_STRICT_OBJC_MSGSEND = YES;
				ENABLE_USER_SCRIPT_SANDBOXING = YES;
				GCC_C_LANGUAGE_STANDARD = gnu17;
				GCC_NO_COMMON_BLOCKS = YES;
				GCC_WARN_64_TO_32_BIT_CONVERSION = YES;
				GCC_WARN_ABOUT_RETURN_TYPE = YES_ERROR;
				GCC_WARN_UNDECLARED_SELECTOR = YES;
				GCC_WARN_UNINITIALIZED_AUTOS = YES_AGGRESSIVE;
				GCC_WARN_UNUSED_FUNCTION = YES;
				GCC_WARN_UNUSED_VARIABLE = YES;
				IPHONEOS_DEPLOYMENT_TARGET = 26.2;
				LOCALIZATION_PREFERS_STRING_CATALOGS = YES;
				MTL_ENABLE_DEBUG_INFO = NO;
				MTL_FAST_MATH = YES;
				SDKROOT = iphoneos;
				VALIDATE_PRODUCT = YES;
			};
			name = Release;
		};
		2EB9DD352F00FCE0008E89B1 /* Debug */ = {
			isa = XCBuildConfiguration;
			buildSettings = {
				ASSETCATALOG_COMPILER_APPICON_NAME = AppIcon;
				ASSETCATALOG_COMPILER_GLOBAL_ACCENT_COLOR_NAME = AccentColor;
				CLANG_ENABLE_MODULES = YES;
				CODE_SIGN_STYLE = Automatic;
				CURRENT_PROJECT_VERSION = 1;
				DEVELOPMENT_TEAM = 9UX8PACH8T;
				GENERATE_INFOPLIST_FILE = YES;
				INFOPLIST_KEY_UIApplicationSupportsIndirectInputEvents = YES;
				INFOPLIST_KEY_UILaunchStoryboardName = "";
				INFOPLIST_KEY_UIRequiredDeviceCapabilities = metal;
				INFOPLIST_KEY_UIStatusBarHidden = YES;
				INFOPLIST_KEY_UIStatusBarStyle = "";
				INFOPLIST_KEY_UISupportedInterfaceOrientations_iPad = "UIInterfaceOrientationPortrait UIInterfaceOrientationPortraitUpsideDown UIInterfaceOrientationLandscapeLeft UIInterfaceOrientationLandscapeRight";
				INFOPLIST_KEY_UISupportedInterfaceOrientations_iPhone = "UIInterfaceOrientationPortrait UIInterfaceOrientationLandscapeLeft UIInterfaceOrientationLandscapeRight";
				INFOPLIST_KEY_WKRunsIndependentlyOfCompanionApp = YES;
				LD_RUNPATH_SEARCH_PATHS = (
					"$(inherited)",
					"@executable_path/Frameworks",
				);
				MARKETING_VERSION = 1.0;
				PRODUCT_BUNDLE_IDENTIFIER = "com.phenixhartogh.Vanilla-Gamepad";
				PRODUCT_NAME = VanillaGamepad;
				SDL_MAIN = "";
				STRING_CATALOG_GENERATE_SYMBOLS = YES;
				SUPPORTED_PLATFORMS = "iphoneos iphonesimulator";
				SUPPORTS_MACCATALYST = NO;
				SUPPORTS_MAC_DESIGNED_FOR_IPHONE_IPAD = NO;
				SUPPORTS_XR_DESIGNED_FOR_IPHONE_IPAD = NO;
				SWIFT_EMIT_LOC_STRINGS = YES;
				SWIFT_OPTIMIZATION_LEVEL = "-Onone";
				SWIFT_VERSION = 6.0;
				TARGETED_DEVICE_FAMILY = "1,2";
			};
			name = Debug;
		};
		2EB9DD362F00FCE0008E89B1 /* Release */ = {
			isa = XCBuildConfiguration;
			buildSettings = {
				ASSETCATALOG_COMPILER_APPICON_NAME = AppIcon;
				ASSETCATALOG_COMPILER_GLOBAL_ACCENT_COLOR_NAME = AccentColor;
				CLANG_ENABLE_MODULES = YES;
				CODE_SIGN_STYLE = Automatic;
				CURRENT_PROJECT_VERSION = 1;
				DEVELOPMENT_TEAM = 9UX8PACH8T;
				GENERATE_INFOPLIST_FILE = YES;
				INFOPLIST_KEY_UIApplicationSupportsIndirectInputEvents = YES;
				INFOPLIST_KEY_UILaunchStoryboardName = "";
				INFOPLIST_KEY_UIRequiredDeviceCapabilities = metal;
				INFOPLIST_KEY_UIStatusBarHidden = YES;
				INFOPLIST_KEY_UIStatusBarStyle = "";
				INFOPLIST_KEY_UISupportedInterfaceOrientations_iPad = "UIInterfaceOrientationPortrait UIInterfaceOrientationPortraitUpsideDown UIInterfaceOrientationLandscapeLeft UIInterfaceOrientationLandscapeRight";
				INFOPLIST_KEY_UISupportedInterfaceOrientations_iPhone = "UIInterfaceOrientationPortrait UIInterfaceOrientationLandscapeLeft UIInterfaceOrientationLandscapeRight";
				INFOPLIST_KEY_WKRunsIndependentlyOfCompanionApp = YES;
				LD_RUNPATH_SEARCH_PATHS = (
					"$(inherited)",
					"@executable_path/Frameworks",
				);
				MARKETING_VERSION = 1.0;
				PRODUCT_BUNDLE_IDENTIFIER = "com.phenixhartogh.Vanilla-Gamepad";
				PRODUCT_NAME = VanillaGamepad;
				SDL_MAIN = "";
				STRING_CATALOG_GENERATE_SYMBOLS = YES;
				SUPPORTED_PLATFORMS = "iphoneos iphonesimulator";
				SUPPORTS_MACCATALYST = NO;
				SUPPORTS_MAC_DESIGNED_FOR_IPHONE_IPAD = NO;
				SUPPORTS_XR_DESIGNED_FOR_IPHONE_IPAD = NO;
				SWIFT_EMIT_LOC_STRINGS = YES;
				SWIFT_VERSION = 6.0;
				TARGETED_DEVICE_FAMILY = "1,2";
			};
			name = Release;
		};
/* End XCBuildConfiguration section */

/* Begin XCConfigurationList section */
		2EB9DD142F00FCDF008E89B1 /* Build configuration list for PBXProject "Vanilla Gamepad" */ = {
			isa = XCConfigurationList;
			buildConfigurations = (
				2EB9DD322F00FCE0008E89B1 /* Debug */,
				2EB9DD332F00FCE0008E89B1 /* Release */,
			);
			defaultConfigurationIsVisible = 0;
			defaultConfigurationName = Release;
		};
		2EB9DD342F00FCE0008E89B1 /* Build configuration list for PBXNativeTarget "Vanilla Gamepad" */ = {
			isa = XCConfigurationList;
			buildConfigurations = (
				2EB9DD352F00FCE0008E89B1 /* Debug */,
				2EB9DD362F00FCE0008E89B1 /* Release */,
			);
			defaultConfigurationIsVisible = 0;
			defaultConfigurationName = Release;
		};
/* End XCConfigurationList section */
	};
	rootObject = 2EB9DD112F00FCDF008E89B1 /* Project object */;
}
